# Generated by pub
# See https://dart.dev/tools/pub/glossary#lockfile
packages:
  lib_a:
    dependency: "direct main"
    description:
      path: "../lib_a"
      relative: true
    source: path
    version: "1.0.0"
  lib_b:
    dependency: "direct main"
    description:
      path: "../lib_b"
      relative: true
    source: path
    version: "1.0.0"
sdks:
  dart: ">=3.0.0 <4.0.0"
